{
  "name": "layout",
  "version": "1.0.0",
  "lockfileVersion": 1,
  "requires": true,
  "dependencies": {
    "@types/yoga-layout": {
      "version": "1.9.4",
      "resolved": "http://mirrors.cloud.tencent.com/npm/@types%2fyoga-layout/-/yoga-layout-1.9.4.tgz",
      "integrity": "sha512-RRHc1+8Hc5mf/2lZKnom6kCnqcNS07s8keahniWTOva0KELF6RgDJmaEcvGEKUUJgN4UgessmEsWuidaOycIOw=="
    },
    "smartcrop": {
      "version": "2.0.4",
      "resolved": "http://mirrors.cloud.tencent.com/npm/smartcrop/-/smartcrop-2.0.4.tgz",
      "integrity": "sha512-d2ELwmTM4cd0lAekn8LSaCAS8/FAniplLq3a2S2X/ZkB8ZlebyxiC7zMzvPs4qQFAQ8CFBeuEK/nIAFT5HhLTA=="
    },
    "yoga-layout-wasm": {
      "version": "1.9.3-alpha.7",
      "resolved": "http://mirrors.cloud.tencent.com/npm/yoga-layout-wasm/-/yoga-layout-wasm-1.9.3-alpha.7.tgz",
      "integrity": "sha512-GKJ9gSau7TIAxfR71mssvtKqSpvq6WZpU7T2n8PTgHNjdb5WAvxtHGGGkxA73VLiMbQLrZLwZHkAFH0RorB/PQ==",
      "requires": {
        "@types/yoga-layout": "^1.9.2"
      }
    }
  }
}
